
Microsoft Visual Studio Solution File, Format Version 12.00
# Visual Studio Version 17
VisualStudioVersion = 17.1.32228.430
MinimumVisualStudioVersion = 10.0.40219.1
Project("{9A19103F-16F7-4668-BE54-9A1E7A4F7556}") = "BL", "BL\BL.csproj", "{2BEAE6C7-5100-41E8-A3A6-CB9E0FBE6485}"
EndProject
Project("{9A19103F-16F7-4668-BE54-9A1E7A4F7556}") = "ML", "ML\ML.csproj", "{D3E1BDEF-5EF2-4DD7-A6C8-B79F6DEF1486}"
EndProject
Project("{9A19103F-16F7-4668-BE54-9A1E7A4F7556}") = "DL", "DL\DL.csproj", "{193BE4C7-4A34-40D9-A462-E15ADC650626}"
EndProject
Project("{9A19103F-16F7-4668-BE54-9A1E7A4F7556}") = "SL", "SL\SL.csproj", "{DFFACCFF-67E7-4BAD-A62A-E7535469B68F}"
EndProject
Project("{FAE04EC0-301F-11D3-BF4B-00C04F79EFBC}") = "PLL", "PLL\PLL.csproj", "{023A3D9C-F14C-4ACF-BE2A-59655CCAAE0D}"
EndProject
Global
	GlobalSection(SolutionConfigurationPlatforms) = preSolution
		Debug|Any CPU = Debug|Any CPU
		Release|Any CPU = Release|Any CPU
	EndGlobalSection
	GlobalSection(ProjectConfigurationPlatforms) = postSolution
		{2BEAE6C7-5100-41E8-A3A6-CB9E0FBE6485}.Debug|Any CPU.ActiveCfg = Debug|Any CPU
		{2BEAE6C7-5100-41E8-A3A6-CB9E0FBE6485}.Debug|Any CPU.Build.0 = Debug|Any CPU
		{2BEAE6C7-5100-41E8-A3A6-CB9E0FBE6485}.Release|Any CPU.ActiveCfg = Release|Any CPU
		{2BEAE6C7-5100-41E8-A3A6-CB9E0FBE6485}.Release|Any CPU.Build.0 = Release|Any CPU
		{D3E1BDEF-5EF2-4DD7-A6C8-B79F6DEF1486}.Debug|Any CPU.ActiveCfg = Debug|Any CPU
		{D3E1BDEF-5EF2-4DD7-A6C8-B79F6DEF1486}.Debug|Any CPU.Build.0 = Debug|Any CPU
		{D3E1BDEF-5EF2-4DD7-A6C8-B79F6DEF1486}.Release|Any CPU.ActiveCfg = Release|Any CPU
		{D3E1BDEF-5EF2-4DD7-A6C8-B79F6DEF1486}.Release|Any CPU.Build.0 = Release|Any CPU
		{193BE4C7-4A34-40D9-A462-E15ADC650626}.Debug|Any CPU.ActiveCfg = Debug|Any CPU
		{193BE4C7-4A34-40D9-A462-E15ADC650626}.Debug|Any CPU.Build.0 = Debug|Any CPU
		{193BE4C7-4A34-40D9-A462-E15ADC650626}.Release|Any CPU.ActiveCfg = Release|Any CPU
		{193BE4C7-4A34-40D9-A462-E15ADC650626}.Release|Any CPU.Build.0 = Release|Any CPU
		{DFFACCFF-67E7-4BAD-A62A-E7535469B68F}.Debug|Any CPU.ActiveCfg = Debug|Any CPU
		{DFFACCFF-67E7-4BAD-A62A-E7535469B68F}.Debug|Any CPU.Build.0 = Debug|Any CPU
		{DFFACCFF-67E7-4BAD-A62A-E7535469B68F}.Release|Any CPU.ActiveCfg = Release|Any CPU
		{DFFACCFF-67E7-4BAD-A62A-E7535469B68F}.Release|Any CPU.Build.0 = Release|Any CPU
		{023A3D9C-F14C-4ACF-BE2A-59655CCAAE0D}.Debug|Any CPU.ActiveCfg = Debug|Any CPU
		{023A3D9C-F14C-4ACF-BE2A-59655CCAAE0D}.Debug|Any CPU.Build.0 = Debug|Any CPU
		{023A3D9C-F14C-4ACF-BE2A-59655CCAAE0D}.Release|Any CPU.ActiveCfg = Release|Any CPU
		{023A3D9C-F14C-4ACF-BE2A-59655CCAAE0D}.Release|Any CPU.Build.0 = Release|Any CPU
	EndGlobalSection
	GlobalSection(SolutionProperties) = preSolution
		HideSolutionNode = FALSE
	EndGlobalSection
	GlobalSection(ExtensibilityGlobals) = postSolution
		SolutionGuid = {32BAD9EE-CEEA-4BEE-A774-B29BA3712E3D}
	EndGlobalSection
EndGlobal
